// !$*UTF8*$!
{
	archiveVersion = 1;
	classes = {
	};
	objectVersion = 46;
	objects = {

/* Begin PBXBuildFile section */
		08055DFD18D2D55E001C02C0 /* LZFeeCell.m in Sources */ = {isa = PBXBuildFile; fileRef = 08055DFC18D2D55E001C02C0 /* LZFeeCell.m */; };
		08055E0018D319CF001C02C0 /* LZLoginViewController.m in Sources */ = {isa = PBXBuildFile; fileRef = 08055DFF18D319CF001C02C0 /* LZLoginViewController.m */; };
		08055E0418D31FC0001C02C0 /* LZSignUpViewController.m in Sources */ = {isa = PBXBuildFile; fileRef = 08055E0318D31FC0001C02C0 /* LZSignUpViewController.m */; };
		08055E0F18D32AAA001C02C0 /* icon29.png in Resources */ = {isa = PBXBuildFile; fileRef = 08055E0618D32AAA001C02C0 /* icon29.png */; };
		08055E1018D32AAA001C02C0 /* icon57.png in Resources */ = {isa = PBXBuildFile; fileRef = 08055E0718D32AAA001C02C0 /* icon57.png */; };
		08055E1118D32AAA001C02C0 /* icon58.png in Resources */ = {isa = PBXBuildFile; fileRef = 08055E0818D32AAA001C02C0 /* icon58.png */; };
		08055E1218D32AAA001C02C0 /* icon72.png in Resources */ = {isa = PBXBuildFile; fileRef = 08055E0918D32AAA001C02C0 /* icon72.png */; };
		08055E1318D32AAA001C02C0 /* icon76.png in Resources */ = {isa = PBXBuildFile; fileRef = 08055E0A18D32AAA001C02C0 /* icon76.png */; };
		08055E1418D32AAA001C02C0 /* icon114.png in Resources */ = {isa = PBXBuildFile; fileRef = 08055E0B18D32AAA001C02C0 /* icon114.png */; };
		08055E1518D32AAA001C02C0 /* icon120.png in Resources */ = {isa = PBXBuildFile; fileRef = 08055E0C18D32AAA001C02C0 /* icon120.png */; };
		08055E1618D32AAA001C02C0 /* icon144.png in Resources */ = {isa = PBXBuildFile; fileRef = 08055E0D18D32AAA001C02C0 /* icon144.png */; };
		08055E1718D32AAA001C02C0 /* icon152.png in Resources */ = {isa = PBXBuildFile; fileRef = 08055E0E18D32AAA001C02C0 /* icon152.png */; };
		08055E1A18D6B1F2001C02C0 /* LZDoctorSupplyRegistCountCell.m in Sources */ = {isa = PBXBuildFile; fileRef = 08055E1918D6B1F2001C02C0 /* LZDoctorSupplyRegistCountCell.m */; };
		08055E1D18D6BBF5001C02C0 /* LZDoctorInfoViewController.m in Sources */ = {isa = PBXBuildFile; fileRef = 08055E1C18D6BBF5001C02C0 /* LZDoctorInfoViewController.m */; };
		081228B618D19A3400681F85 /* LZXueYeShengHuaCell.m in Sources */ = {isa = PBXBuildFile; fileRef = 081228B518D19A3400681F85 /* LZXueYeShengHuaCell.m */; };
		081228B918D1A85700681F85 /* LZCheckRecordGeneralInfoCell.m in Sources */ = {isa = PBXBuildFile; fileRef = 081228B818D1A85700681F85 /* LZCheckRecordGeneralInfoCell.m */; };
		081228BC18D1B88800681F85 /* LZCTCheckCell.m in Sources */ = {isa = PBXBuildFile; fileRef = 081228BB18D1B88800681F85 /* LZCTCheckCell.m */; };
		08C7EFD418CF26BB00159471 /* LZZhenHaoViewController.m in Sources */ = {isa = PBXBuildFile; fileRef = 08C7EFD318CF26BB00159471 /* LZZhenHaoViewController.m */; };
		08C7EFD718CF28AE00159471 /* LZCheckResultTextViewController.m in Sources */ = {isa = PBXBuildFile; fileRef = 08C7EFD618CF28AE00159471 /* LZCheckResultTextViewController.m */; };
		08C7EFDA18CF28E600159471 /* LZCheckResultImageViewController.m in Sources */ = {isa = PBXBuildFile; fileRef = 08C7EFD918CF28E600159471 /* LZCheckResultImageViewController.m */; };
		08C7EFDD18D006D600159471 /* LZQueuePlaceCell.m in Sources */ = {isa = PBXBuildFile; fileRef = 08C7EFDC18D006D600159471 /* LZQueuePlaceCell.m */; };
		08C7EFE018D00A2300159471 /* LZCurrentDiseaseCell.m in Sources */ = {isa = PBXBuildFile; fileRef = 08C7EFDF18D00A2300159471 /* LZCurrentDiseaseCell.m */; };
		08C7EFE318D011E300159471 /* LZCheckResultCell.m in Sources */ = {isa = PBXBuildFile; fileRef = 08C7EFE218D011E300159471 /* LZCheckResultCell.m */; };
		08C7EFE618D022DF00159471 /* LZPrescribeMedicineItemCell.m in Sources */ = {isa = PBXBuildFile; fileRef = 08C7EFE518D022DF00159471 /* LZPrescribeMedicineItemCell.m */; };
		08C7EFE918D024AE00159471 /* LZDoctorAdviceCell.m in Sources */ = {isa = PBXBuildFile; fileRef = 08C7EFE818D024AE00159471 /* LZDoctorAdviceCell.m */; };
		08C7EFF018D064EA00159471 /* LZKeyboardToolBarToHideKB.m in Sources */ = {isa = PBXBuildFile; fileRef = 08C7EFEF18D064EA00159471 /* LZKeyboardToolBarToHideKB.m */; };
		08D97E7718CDA1EE006D5F0C /* Foundation.framework in Frameworks */ = {isa = PBXBuildFile; fileRef = 08D97E7618CDA1EE006D5F0C /* Foundation.framework */; };
		08D97E7918CDA1EE006D5F0C /* CoreGraphics.framework in Frameworks */ = {isa = PBXBuildFile; fileRef = 08D97E7818CDA1EE006D5F0C /* CoreGraphics.framework */; };
		08D97E7B18CDA1EE006D5F0C /* UIKit.framework in Frameworks */ = {isa = PBXBuildFile; fileRef = 08D97E7A18CDA1EE006D5F0C /* UIKit.framework */; };
		08D97E8118CDA1EE006D5F0C /* InfoPlist.strings in Resources */ = {isa = PBXBuildFile; fileRef = 08D97E7F18CDA1EE006D5F0C /* InfoPlist.strings */; };
		08D97E8318CDA1EE006D5F0C /* main.m in Sources */ = {isa = PBXBuildFile; fileRef = 08D97E8218CDA1EE006D5F0C /* main.m */; };
		08D97E8718CDA1EE006D5F0C /* LZAppDelegate.m in Sources */ = {isa = PBXBuildFile; fileRef = 08D97E8618CDA1EE006D5F0C /* LZAppDelegate.m */; };
		08D97E8918CDA1EE006D5F0C /* Images.xcassets in Resources */ = {isa = PBXBuildFile; fileRef = 08D97E8818CDA1EE006D5F0C /* Images.xcassets */; };
		08D97E9018CDA1EE006D5F0C /* XCTest.framework in Frameworks */ = {isa = PBXBuildFile; fileRef = 08D97E8F18CDA1EE006D5F0C /* XCTest.framework */; };
		08D97E9118CDA1EE006D5F0C /* Foundation.framework in Frameworks */ = {isa = PBXBuildFile; fileRef = 08D97E7618CDA1EE006D5F0C /* Foundation.framework */; };
		08D97E9218CDA1EE006D5F0C /* UIKit.framework in Frameworks */ = {isa = PBXBuildFile; fileRef = 08D97E7A18CDA1EE006D5F0C /* UIKit.framework */; };
		08D97E9A18CDA1EE006D5F0C /* InfoPlist.strings in Resources */ = {isa = PBXBuildFile; fileRef = 08D97E9818CDA1EE006D5F0C /* InfoPlist.strings */; };
		08D97E9C18CDA1EE006D5F0C /* HospitalMobileTests.m in Sources */ = {isa = PBXBuildFile; fileRef = 08D97E9B18CDA1EE006D5F0C /* HospitalMobileTests.m */; };
		08D97EAB18CDAA36006D5F0C /* Main.storyboard in Resources */ = {isa = PBXBuildFile; fileRef = 08D97EAA18CDAA36006D5F0C /* Main.storyboard */; };
		08D97EB018CDAB0D006D5F0C /* LZMainTabBarController.m in Sources */ = {isa = PBXBuildFile; fileRef = 08D97EAF18CDAB0D006D5F0C /* LZMainTabBarController.m */; };
		08D97EB218CDAC1B006D5F0C /* InfoInput.storyboard in Resources */ = {isa = PBXBuildFile; fileRef = 08D97EB118CDAC1B006D5F0C /* InfoInput.storyboard */; };
		08D97EB418CDAC5B006D5F0C /* RegisterAtHospital.storyboard in Resources */ = {isa = PBXBuildFile; fileRef = 08D97EB318CDAC5B006D5F0C /* RegisterAtHospital.storyboard */; };
		08D97EB618CDACBF006D5F0C /* FeeList.storyboard in Resources */ = {isa = PBXBuildFile; fileRef = 08D97EB518CDACBF006D5F0C /* FeeList.storyboard */; };
		08D97EB818CDACE9006D5F0C /* SeeDoctor.storyboard in Resources */ = {isa = PBXBuildFile; fileRef = 08D97EB718CDACE9006D5F0C /* SeeDoctor.storyboard */; };
		08D97EBA18CDAD60006D5F0C /* Message.storyboard in Resources */ = {isa = PBXBuildFile; fileRef = 08D97EB918CDAD60006D5F0C /* Message.storyboard */; };
		08D97EC018CDAF84006D5F0C /* LZRegisterAtHospitalViewController.m in Sources */ = {isa = PBXBuildFile; fileRef = 08D97EBF18CDAF84006D5F0C /* LZRegisterAtHospitalViewController.m */; };
		08D97EC918CDB2FC006D5F0C /* tabbarIconDefault@2x.png in Resources */ = {isa = PBXBuildFile; fileRef = 08D97EC818CDB2FC006D5F0C /* tabbarIconDefault@2x.png */; };
		08D97ECD18CDB46F006D5F0C /* LZUtility.m in Sources */ = {isa = PBXBuildFile; fileRef = 08D97ECC18CDB46F006D5F0C /* LZUtility.m */; };
		08D97ED018CDBE2F006D5F0C /* LZFeeListViewController.m in Sources */ = {isa = PBXBuildFile; fileRef = 08D97ECF18CDBE2F006D5F0C /* LZFeeListViewController.m */; };
		08D97ED318CDBF07006D5F0C /* LZSeeDoctorViewController.m in Sources */ = {isa = PBXBuildFile; fileRef = 08D97ED218CDBF07006D5F0C /* LZSeeDoctorViewController.m */; };
		08D97ED918CDD2DB006D5F0C /* LZDemoData.m in Sources */ = {isa = PBXBuildFile; fileRef = 08D97ED818CDD2DB006D5F0C /* LZDemoData.m */; };
		08D97EDD18CDDAA8006D5F0C /* LZZhenHaoCell.m in Sources */ = {isa = PBXBuildFile; fileRef = 08D97EDC18CDDAA8006D5F0C /* LZZhenHaoCell.m */; };
		B920B9BF18D251C000524445 /* infoinput@2x.png in Resources */ = {isa = PBXBuildFile; fileRef = B920B9BE18D251C000524445 /* infoinput@2x.png */; };
		B920B9C118D2524300524445 /* exam@2x.png in Resources */ = {isa = PBXBuildFile; fileRef = B920B9C018D2524300524445 /* exam@2x.png */; };
		B920B9C318D252A400524445 /* message@2x.png in Resources */ = {isa = PBXBuildFile; fileRef = B920B9C218D252A400524445 /* message@2x.png */; };
		B920B9C518D2540800524445 /* cash@2x.png in Resources */ = {isa = PBXBuildFile; fileRef = B920B9C418D2540800524445 /* cash@2x.png */; };
		B920B9C918D2578600524445 /* doctor_pan.png in Resources */ = {isa = PBXBuildFile; fileRef = B920B9C618D2578600524445 /* doctor_pan.png */; };
		B920B9CA18D2578600524445 /* doctor_a.png in Resources */ = {isa = PBXBuildFile; fileRef = B920B9C718D2578600524445 /* doctor_a.png */; };
		B920B9CB18D2578600524445 /* doctor_b.png in Resources */ = {isa = PBXBuildFile; fileRef = B920B9C818D2578600524445 /* doctor_b.png */; };
		B920B9CE18D2638200524445 /* LZMessageViewController.m in Sources */ = {isa = PBXBuildFile; fileRef = B920B9CD18D2638200524445 /* LZMessageViewController.m */; };
		B920B9D018D26D4F00524445 /* horn.png in Resources */ = {isa = PBXBuildFile; fileRef = B920B9CF18D26D4F00524445 /* horn.png */; };
		B920B9D218D26E1200524445 /* happy.png in Resources */ = {isa = PBXBuildFile; fileRef = B920B9D118D26E1200524445 /* happy.png */; };
		B920B9D418D26E8100524445 /* plus.png in Resources */ = {isa = PBXBuildFile; fileRef = B920B9D318D26E8100524445 /* plus.png */; };
		B9A2F71018D1127E0019277B /* LZInfoInputTableViewController.m in Sources */ = {isa = PBXBuildFile; fileRef = B9A2F70F18D1127E0019277B /* LZInfoInputTableViewController.m */; };
		FC13239118D216D200BE900F /* LZRegisterTableViewController.m in Sources */ = {isa = PBXBuildFile; fileRef = FC13239018D216D200BE900F /* LZRegisterTableViewController.m */; };
		FC9F002D18D1CCE2002B675E /* LZRegisterHospitalCell.m in Sources */ = {isa = PBXBuildFile; fileRef = FC9F002C18D1CCE2002B675E /* LZRegisterHospitalCell.m */; };
		FCB8D17518D3227600B9798F /* LZPayViewController.m in Sources */ = {isa = PBXBuildFile; fileRef = FCB8D17418D3227600B9798F /* LZPayViewController.m */; };
		FCB8D17718D32B4900B9798F /* hangkong_logo.png in Resources */ = {isa = PBXBuildFile; fileRef = FCB8D17618D32B4900B9798F /* hangkong_logo.png */; };
		FCB8D17A18D3312B00B9798F /* LZCTAViewController.m in Sources */ = {isa = PBXBuildFile; fileRef = FCB8D17918D3312B00B9798F /* LZCTAViewController.m */; };
		FCB8D17C18D336CF00B9798F /* cta.png in Resources */ = {isa = PBXBuildFile; fileRef = FCB8D17B18D336CF00B9798F /* cta.png */; };
/* End PBXBuildFile section */

/* Begin PBXContainerItemProxy section */
		08D97E9318CDA1EE006D5F0C /* PBXContainerItemProxy */ = {
			isa = PBXContainerItemProxy;
			containerPortal = 08D97E6B18CDA1EE006D5F0C /* Project object */;
			proxyType = 1;
			remoteGlobalIDString = 08D97E7218CDA1EE006D5F0C;
			remoteInfo = HospitalMobile;
		};
/* End PBXContainerItemProxy section */

/* Begin PBXFileReference section */
		08055DFB18D2D55E001C02C0 /* LZFeeCell.h */ = {isa = PBXFileReference; fileEncoding = 4; lastKnownFileType = sourcecode.c.h; path = LZFeeCell.h; sourceTree = "<group>"; };
		08055DFC18D2D55E001C02C0 /* LZFeeCell.m */ = {isa = PBXFileReference; fileEncoding = 4; lastKnownFileType = sourcecode.c.objc; path = LZFeeCell.m; sourceTree = "<group>"; };
		08055DFE18D319CF001C02C0 /* LZLoginViewController.h */ = {isa = PBXFileReference; fileEncoding = 4; lastKnownFileType = sourcecode.c.h; path = LZLoginViewController.h; sourceTree = "<group>"; };
		08055DFF18D319CF001C02C0 /* LZLoginViewController.m */ = {isa = PBXFileReference; fileEncoding = 4; lastKnownFileType = sourcecode.c.objc; path = LZLoginViewController.m; sourceTree = "<group>"; };
		08055E0218D31FC0001C02C0 /* LZSignUpViewController.h */ = {isa = PBXFileReference; fileEncoding = 4; lastKnownFileType = sourcecode.c.h; path = LZSignUpViewController.h; sourceTree = "<group>"; };
		08055E0318D31FC0001C02C0 /* LZSignUpViewController.m */ = {isa = PBXFileReference; fileEncoding = 4; lastKnownFileType = sourcecode.c.objc; path = LZSignUpViewController.m; sourceTree = "<group>"; };
		08055E0618D32AAA001C02C0 /* icon29.png */ = {isa = PBXFileReference; lastKnownFileType = image.png; name = icon29.png; path = ../../../../icons/icon29.png; sourceTree = "<group>"; };
		08055E0718D32AAA001C02C0 /* icon57.png */ = {isa = PBXFileReference; lastKnownFileType = image.png; name = icon57.png; path = ../../../../icons/icon57.png; sourceTree = "<group>"; };
		08055E0818D32AAA001C02C0 /* icon58.png */ = {isa = PBXFileReference; lastKnownFileType = image.png; name = icon58.png; path = ../../../../icons/icon58.png; sourceTree = "<group>"; };
		08055E0918D32AAA001C02C0 /* icon72.png */ = {isa = PBXFileReference; lastKnownFileType = image.png; name = icon72.png; path = ../../../../icons/icon72.png; sourceTree = "<group>"; };
		08055E0A18D32AAA001C02C0 /* icon76.png */ = {isa = PBXFileReference; lastKnownFileType = image.png; name = icon76.png; path = ../../../../icons/icon76.png; sourceTree = "<group>"; };
		08055E0B18D32AAA001C02C0 /* icon114.png */ = {isa = PBXFileReference; lastKnownFileType = image.png; name = icon114.png; path = ../../../../icons/icon114.png; sourceTree = "<group>"; };
		08055E0C18D32AAA001C02C0 /* icon120.png */ = {isa = PBXFileReference; lastKnownFileType = image.png; name = icon120.png; path = ../../../../icons/icon120.png; sourceTree = "<group>"; };
		08055E0D18D32AAA001C02C0 /* icon144.png */ = {isa = PBXFileReference; lastKnownFileType = image.png; name = icon144.png; path = ../../../../icons/icon144.png; sourceTree = "<group>"; };
		08055E0E18D32AAA001C02C0 /* icon152.png */ = {isa = PBXFileReference; lastKnownFileType = image.png; name = icon152.png; path = ../../../../icons/icon152.png; sourceTree = "<group>"; };
		08055E1818D6B1F2001C02C0 /* LZDoctorSupplyRegistCountCell.h */ = {isa = PBXFileReference; fileEncoding = 4; lastKnownFileType = sourcecode.c.h; path = LZDoctorSupplyRegistCountCell.h; sourceTree = "<group>"; };
		08055E1918D6B1F2001C02C0 /* LZDoctorSupplyRegistCountCell.m */ = {isa = PBXFileReference; fileEncoding = 4; lastKnownFileType = sourcecode.c.objc; path = LZDoctorSupplyRegistCountCell.m; sourceTree = "<group>"; };
		08055E1B18D6BBF5001C02C0 /* LZDoctorInfoViewController.h */ = {isa = PBXFileReference; fileEncoding = 4; lastKnownFileType = sourcecode.c.h; path = LZDoctorInfoViewController.h; sourceTree = "<group>"; };
		08055E1C18D6BBF5001C02C0 /* LZDoctorInfoViewController.m */ = {isa = PBXFileReference; fileEncoding = 4; lastKnownFileType = sourcecode.c.objc; path = LZDoctorInfoViewController.m; sourceTree = "<group>"; };
		081228B418D19A3400681F85 /* LZXueYeShengHuaCell.h */ = {isa = PBXFileReference; fileEncoding = 4; lastKnownFileType = sourcecode.c.h; path = LZXueYeShengHuaCell.h; sourceTree = "<group>"; };
		081228B518D19A3400681F85 /* LZXueYeShengHuaCell.m */ = {isa = PBXFileReference; fileEncoding = 4; lastKnownFileType = sourcecode.c.objc; path = LZXueYeShengHuaCell.m; sourceTree = "<group>"; };
		081228B718D1A85700681F85 /* LZCheckRecordGeneralInfoCell.h */ = {isa = PBXFileReference; fileEncoding = 4; lastKnownFileType = sourcecode.c.h; path = LZCheckRecordGeneralInfoCell.h; sourceTree = "<group>"; };
		081228B818D1A85700681F85 /* LZCheckRecordGeneralInfoCell.m */ = {isa = PBXFileReference; fileEncoding = 4; lastKnownFileType = sourcecode.c.objc; path = LZCheckRecordGeneralInfoCell.m; sourceTree = "<group>"; };
		081228BA18D1B88800681F85 /* LZCTCheckCell.h */ = {isa = PBXFileReference; fileEncoding = 4; lastKnownFileType = sourcecode.c.h; path = LZCTCheckCell.h; sourceTree = "<group>"; };
		081228BB18D1B88800681F85 /* LZCTCheckCell.m */ = {isa = PBXFileReference; fileEncoding = 4; lastKnownFileType = sourcecode.c.objc; path = LZCTCheckCell.m; sourceTree = "<group>"; };
		08C7EFD218CF26BB00159471 /* LZZhenHaoViewController.h */ = {isa = PBXFileReference; fileEncoding = 4; lastKnownFileType = sourcecode.c.h; path = LZZhenHaoViewController.h; sourceTree = "<group>"; };
		08C7EFD318CF26BB00159471 /* LZZhenHaoViewController.m */ = {isa = PBXFileReference; fileEncoding = 4; lastKnownFileType = sourcecode.c.objc; path = LZZhenHaoViewController.m; sourceTree = "<group>"; };
		08C7EFD518CF28AE00159471 /* LZCheckResultTextViewController.h */ = {isa = PBXFileReference; fileEncoding = 4; lastKnownFileType = sourcecode.c.h; path = LZCheckResultTextViewController.h; sourceTree = "<group>"; };
		08C7EFD618CF28AE00159471 /* LZCheckResultTextViewController.m */ = {isa = PBXFileReference; fileEncoding = 4; lastKnownFileType = sourcecode.c.objc; path = LZCheckResultTextViewController.m; sourceTree = "<group>"; };
		08C7EFD818CF28E600159471 /* LZCheckResultImageViewController.h */ = {isa = PBXFileReference; fileEncoding = 4; lastKnownFileType = sourcecode.c.h; path = LZCheckResultImageViewController.h; sourceTree = "<group>"; };
		08C7EFD918CF28E600159471 /* LZCheckResultImageViewController.m */ = {isa = PBXFileReference; fileEncoding = 4; lastKnownFileType = sourcecode.c.objc; path = LZCheckResultImageViewController.m; sourceTree = "<group>"; };
		08C7EFDB18D006D600159471 /* LZQueuePlaceCell.h */ = {isa = PBXFileReference; fileEncoding = 4; lastKnownFileType = sourcecode.c.h; path = LZQueuePlaceCell.h; sourceTree = "<group>"; };
		08C7EFDC18D006D600159471 /* LZQueuePlaceCell.m */ = {isa = PBXFileReference; fileEncoding = 4; lastKnownFileType = sourcecode.c.objc; path = LZQueuePlaceCell.m; sourceTree = "<group>"; };
		08C7EFDE18D00A2300159471 /* LZCurrentDiseaseCell.h */ = {isa = PBXFileReference; fileEncoding = 4; lastKnownFileType = sourcecode.c.h; path = LZCurrentDiseaseCell.h; sourceTree = "<group>"; };
		08C7EFDF18D00A2300159471 /* LZCurrentDiseaseCell.m */ = {isa = PBXFileReference; fileEncoding = 4; lastKnownFileType = sourcecode.c.objc; path = LZCurrentDiseaseCell.m; sourceTree = "<group>"; };
		08C7EFE118D011E300159471 /* LZCheckResultCell.h */ = {isa = PBXFileReference; fileEncoding = 4; lastKnownFileType = sourcecode.c.h; path = LZCheckResultCell.h; sourceTree = "<group>"; };
		08C7EFE218D011E300159471 /* LZCheckResultCell.m */ = {isa = PBXFileReference; fileEncoding = 4; lastKnownFileType = sourcecode.c.objc; path = LZCheckResultCell.m; sourceTree = "<group>"; };
		08C7EFE418D022DF00159471 /* LZPrescribeMedicineItemCell.h */ = {isa = PBXFileReference; fileEncoding = 4; lastKnownFileType = sourcecode.c.h; path = LZPrescribeMedicineItemCell.h; sourceTree = "<group>"; };
		08C7EFE518D022DF00159471 /* LZPrescribeMedicineItemCell.m */ = {isa = PBXFileReference; fileEncoding = 4; lastKnownFileType = sourcecode.c.objc; path = LZPrescribeMedicineItemCell.m; sourceTree = "<group>"; };
		08C7EFE718D024AE00159471 /* LZDoctorAdviceCell.h */ = {isa = PBXFileReference; fileEncoding = 4; lastKnownFileType = sourcecode.c.h; path = LZDoctorAdviceCell.h; sourceTree = "<group>"; };
		08C7EFE818D024AE00159471 /* LZDoctorAdviceCell.m */ = {isa = PBXFileReference; fileEncoding = 4; lastKnownFileType = sourcecode.c.objc; path = LZDoctorAdviceCell.m; sourceTree = "<group>"; };
		08C7EFEE18D064EA00159471 /* LZKeyboardToolBarToHideKB.h */ = {isa = PBXFileReference; fileEncoding = 4; lastKnownFileType = sourcecode.c.h; path = LZKeyboardToolBarToHideKB.h; sourceTree = "<group>"; };
		08C7EFEF18D064EA00159471 /* LZKeyboardToolBarToHideKB.m */ = {isa = PBXFileReference; fileEncoding = 4; lastKnownFileType = sourcecode.c.objc; path = LZKeyboardToolBarToHideKB.m; sourceTree = "<group>"; };
		08C7EFF218D07C7300159471 /* LZConstant.h */ = {isa = PBXFileReference; fileEncoding = 4; lastKnownFileType = sourcecode.c.h; path = LZConstant.h; sourceTree = "<group>"; };
		08D97E7318CDA1EE006D5F0C /* 医院手机版.app */ = {isa = PBXFileReference; explicitFileType = wrapper.application; includeInIndex = 0; path = "医院手机版.app"; sourceTree = BUILT_PRODUCTS_DIR; };
		08D97E7618CDA1EE006D5F0C /* Foundation.framework */ = {isa = PBXFileReference; lastKnownFileType = wrapper.framework; name = Foundation.framework; path = System/Library/Frameworks/Foundation.framework; sourceTree = SDKROOT; };
		08D97E7818CDA1EE006D5F0C /* CoreGraphics.framework */ = {isa = PBXFileReference; lastKnownFileType = wrapper.framework; name = CoreGraphics.framework; path = System/Library/Frameworks/CoreGraphics.framework; sourceTree = SDKROOT; };
		08D97E7A18CDA1EE006D5F0C /* UIKit.framework */ = {isa = PBXFileReference; lastKnownFileType = wrapper.framework; name = UIKit.framework; path = System/Library/Frameworks/UIKit.framework; sourceTree = SDKROOT; };
		08D97E7E18CDA1EE006D5F0C /* HospitalMobile-Info.plist */ = {isa = PBXFileReference; lastKnownFileType = text.plist.xml; path = "HospitalMobile-Info.plist"; sourceTree = "<group>"; };
		08D97E8018CDA1EE006D5F0C /* en */ = {isa = PBXFileReference; lastKnownFileType = text.plist.strings; name = en; path = en.lproj/InfoPlist.strings; sourceTree = "<group>"; };
		08D97E8218CDA1EE006D5F0C /* main.m */ = {isa = PBXFileReference; lastKnownFileType = sourcecode.c.objc; path = main.m; sourceTree = "<group>"; };
		08D97E8418CDA1EE006D5F0C /* HospitalMobile-Prefix.pch */ = {isa = PBXFileReference; lastKnownFileType = sourcecode.c.h; path = "HospitalMobile-Prefix.pch"; sourceTree = "<group>"; };
		08D97E8518CDA1EE006D5F0C /* LZAppDelegate.h */ = {isa = PBXFileReference; lastKnownFileType = sourcecode.c.h; path = LZAppDelegate.h; sourceTree = "<group>"; };
		08D97E8618CDA1EE006D5F0C /* LZAppDelegate.m */ = {isa = PBXFileReference; lastKnownFileType = sourcecode.c.objc; path = LZAppDelegate.m; sourceTree = "<group>"; };
		08D97E8818CDA1EE006D5F0C /* Images.xcassets */ = {isa = PBXFileReference; lastKnownFileType = folder.assetcatalog; path = Images.xcassets; sourceTree = "<group>"; };
		08D97E8E18CDA1EE006D5F0C /* HospitalMobileTests.xctest */ = {isa = PBXFileReference; explicitFileType = wrapper.cfbundle; includeInIndex = 0; path = HospitalMobileTests.xctest; sourceTree = BUILT_PRODUCTS_DIR; };
		08D97E8F18CDA1EE006D5F0C /* XCTest.framework */ = {isa = PBXFileReference; lastKnownFileType = wrapper.framework; name = XCTest.framework; path = Library/Frameworks/XCTest.framework; sourceTree = DEVELOPER_DIR; };
		08D97E9718CDA1EE006D5F0C /* HospitalMobileTests-Info.plist */ = {isa = PBXFileReference; lastKnownFileType = text.plist.xml; path = "HospitalMobileTests-Info.plist"; sourceTree = "<group>"; };
		08D97E9918CDA1EE006D5F0C /* en */ = {isa = PBXFileReference; lastKnownFileType = text.plist.strings; name = en; path = en.lproj/InfoPlist.strings; sourceTree = "<group>"; };
		08D97E9B18CDA1EE006D5F0C /* HospitalMobileTests.m */ = {isa = PBXFileReference; lastKnownFileType = sourcecode.c.objc; path = HospitalMobileTests.m; sourceTree = "<group>"; };
		08D97EAA18CDAA36006D5F0C /* Main.storyboard */ = {isa = PBXFileReference; fileEncoding = 4; lastKnownFileType = file.storyboard; path = Main.storyboard; sourceTree = "<group>"; };
		08D97EAE18CDAB0D006D5F0C /* LZMainTabBarController.h */ = {isa = PBXFileReference; fileEncoding = 4; lastKnownFileType = sourcecode.c.h; path = LZMainTabBarController.h; sourceTree = "<group>"; };
		08D97EAF18CDAB0D006D5F0C /* LZMainTabBarController.m */ = {isa = PBXFileReference; fileEncoding = 4; lastKnownFileType = sourcecode.c.objc; path = LZMainTabBarController.m; sourceTree = "<group>"; };
		08D97EB118CDAC1B006D5F0C /* InfoInput.storyboard */ = {isa = PBXFileReference; fileEncoding = 4; lastKnownFileType = file.storyboard; path = InfoInput.storyboard; sourceTree = "<group>"; };
		08D97EB318CDAC5B006D5F0C /* RegisterAtHospital.storyboard */ = {isa = PBXFileReference; fileEncoding = 4; lastKnownFileType = file.storyboard; path = RegisterAtHospital.storyboard; sourceTree = "<group>"; };
		08D97EB518CDACBF006D5F0C /* FeeList.storyboard */ = {isa = PBXFileReference; fileEncoding = 4; lastKnownFileType = file.storyboard; path = FeeList.storyboard; sourceTree = "<group>"; };
		08D97EB718CDACE9006D5F0C /* SeeDoctor.storyboard */ = {isa = PBXFileReference; fileEncoding = 4; lastKnownFileType = file.storyboard; path = SeeDoctor.storyboard; sourceTree = "<group>"; };
		08D97EB918CDAD60006D5F0C /* Message.storyboard */ = {isa = PBXFileReference; fileEncoding = 4; lastKnownFileType = file.storyboard; path = Message.storyboard; sourceTree = "<group>"; };
		08D97EBE18CDAF84006D5F0C /* LZRegisterAtHospitalViewController.h */ = {isa = PBXFileReference; fileEncoding = 4; lastKnownFileType = sourcecode.c.h; path = LZRegisterAtHospitalViewController.h; sourceTree = "<group>"; };
		08D97EBF18CDAF84006D5F0C /* LZRegisterAtHospitalViewController.m */ = {isa = PBXFileReference; fileEncoding = 4; lastKnownFileType = sourcecode.c.objc; path = LZRegisterAtHospitalViewController.m; sourceTree = "<group>"; };
		08D97EC818CDB2FC006D5F0C /* tabbarIconDefault@2x.png */ = {isa = PBXFileReference; lastKnownFileType = image.png; path = "tabbarIconDefault@2x.png"; sourceTree = "<group>"; };
		08D97ECB18CDB46F006D5F0C /* LZUtility.h */ = {isa = PBXFileReference; fileEncoding = 4; lastKnownFileType = sourcecode.c.h; path = LZUtility.h; sourceTree = "<group>"; };
		08D97ECC18CDB46F006D5F0C /* LZUtility.m */ = {isa = PBXFileReference; fileEncoding = 4; lastKnownFileType = sourcecode.c.objc; path = LZUtility.m; sourceTree = "<group>"; };
		08D97ECE18CDBE2F006D5F0C /* LZFeeListViewController.h */ = {isa = PBXFileReference; fileEncoding = 4; lastKnownFileType = sourcecode.c.h; path = LZFeeListViewController.h; sourceTree = "<group>"; };
		08D97ECF18CDBE2F006D5F0C /* LZFeeListViewController.m */ = {isa = PBXFileReference; fileEncoding = 4; lastKnownFileType = sourcecode.c.objc; path = LZFeeListViewController.m; sourceTree = "<group>"; };
		08D97ED118CDBF07006D5F0C /* LZSeeDoctorViewController.h */ = {isa = PBXFileReference; fileEncoding = 4; lastKnownFileType = sourcecode.c.h; path = LZSeeDoctorViewController.h; sourceTree = "<group>"; };
		08D97ED218CDBF07006D5F0C /* LZSeeDoctorViewController.m */ = {isa = PBXFileReference; fileEncoding = 4; lastKnownFileType = sourcecode.c.objc; path = LZSeeDoctorViewController.m; sourceTree = "<group>"; };
		08D97ED718CDD2DB006D5F0C /* LZDemoData.h */ = {isa = PBXFileReference; fileEncoding = 4; lastKnownFileType = sourcecode.c.h; path = LZDemoData.h; sourceTree = "<group>"; };
		08D97ED818CDD2DB006D5F0C /* LZDemoData.m */ = {isa = PBXFileReference; fileEncoding = 4; lastKnownFileType = sourcecode.c.objc; path = LZDemoData.m; sourceTree = "<group>"; };
		08D97EDB18CDDAA8006D5F0C /* LZZhenHaoCell.h */ = {isa = PBXFileReference; fileEncoding = 4; lastKnownFileType = sourcecode.c.h; path = LZZhenHaoCell.h; sourceTree = "<group>"; };
		08D97EDC18CDDAA8006D5F0C /* LZZhenHaoCell.m */ = {isa = PBXFileReference; fileEncoding = 4; lastKnownFileType = sourcecode.c.objc; path = LZZhenHaoCell.m; sourceTree = "<group>"; };
		B920B9BE18D251C000524445 /* infoinput@2x.png */ = {isa = PBXFileReference; lastKnownFileType = image.png; path = "infoinput@2x.png"; sourceTree = "<group>"; };
		B920B9C018D2524300524445 /* exam@2x.png */ = {isa = PBXFileReference; lastKnownFileType = image.png; path = "exam@2x.png"; sourceTree = "<group>"; };
		B920B9C218D252A400524445 /* message@2x.png */ = {isa = PBXFileReference; lastKnownFileType = image.png; path = "message@2x.png"; sourceTree = "<group>"; };
		B920B9C418D2540800524445 /* cash@2x.png */ = {isa = PBXFileReference; lastKnownFileType = image.png; path = "cash@2x.png"; sourceTree = "<group>"; };
		B920B9C618D2578600524445 /* doctor_pan.png */ = {isa = PBXFileReference; lastKnownFileType = image.png; path = doctor_pan.png; sourceTree = "<group>"; };
		B920B9C718D2578600524445 /* doctor_a.png */ = {isa = PBXFileReference; lastKnownFileType = image.png; path = doctor_a.png; sourceTree = "<group>"; };
		B920B9C818D2578600524445 /* doctor_b.png */ = {isa = PBXFileReference; lastKnownFileType = image.png; path = doctor_b.png; sourceTree = "<group>"; };
		B920B9CC18D2638200524445 /* LZMessageViewController.h */ = {isa = PBXFileReference; fileEncoding = 4; lastKnownFileType = sourcecode.c.h; path = LZMessageViewController.h; sourceTree = "<group>"; };
		B920B9CD18D2638200524445 /* LZMessageViewController.m */ = {isa = PBXFileReference; fileEncoding = 4; lastKnownFileType = sourcecode.c.objc; path = LZMessageViewController.m; sourceTree = "<group>"; };
		B920B9CF18D26D4F00524445 /* horn.png */ = {isa = PBXFileReference; lastKnownFileType = image.png; path = horn.png; sourceTree = "<group>"; };
		B920B9D118D26E1200524445 /* happy.png */ = {isa = PBXFileReference; lastKnownFileType = image.png; path = happy.png; sourceTree = "<group>"; };
		B920B9D318D26E8100524445 /* plus.png */ = {isa = PBXFileReference; lastKnownFileType = image.png; path = plus.png; sourceTree = "<group>"; };
		B9A2F70E18D1127E0019277B /* LZInfoInputTableViewController.h */ = {isa = PBXFileReference; fileEncoding = 4; lastKnownFileType = sourcecode.c.h; path = LZInfoInputTableViewController.h; sourceTree = "<group>"; };
		B9A2F70F18D1127E0019277B /* LZInfoInputTableViewController.m */ = {isa = PBXFileReference; fileEncoding = 4; lastKnownFileType = sourcecode.c.objc; path = LZInfoInputTableViewController.m; sourceTree = "<group>"; };
		FC13238F18D216D200BE900F /* LZRegisterTableViewController.h */ = {isa = PBXFileReference; fileEncoding = 4; lastKnownFileType = sourcecode.c.h; path = LZRegisterTableViewController.h; sourceTree = "<group>"; };
		FC13239018D216D200BE900F /* LZRegisterTableViewController.m */ = {isa = PBXFileReference; fileEncoding = 4; lastKnownFileType = sourcecode.c.objc; path = LZRegisterTableViewController.m; sourceTree = "<group>"; };
		FC9F002B18D1CCE2002B675E /* LZRegisterHospitalCell.h */ = {isa = PBXFileReference; fileEncoding = 4; lastKnownFileType = sourcecode.c.h; path = LZRegisterHospitalCell.h; sourceTree = "<group>"; };
		FC9F002C18D1CCE2002B675E /* LZRegisterHospitalCell.m */ = {isa = PBXFileReference; fileEncoding = 4; lastKnownFileType = sourcecode.c.objc; path = LZRegisterHospitalCell.m; sourceTree = "<group>"; };
		FCB8D17318D3227600B9798F /* LZPayViewController.h */ = {isa = PBXFileReference; fileEncoding = 4; lastKnownFileType = sourcecode.c.h; path = LZPayViewController.h; sourceTree = "<group>"; };
		FCB8D17418D3227600B9798F /* LZPayViewController.m */ = {isa = PBXFileReference; fileEncoding = 4; lastKnownFileType = sourcecode.c.objc; path = LZPayViewController.m; sourceTree = "<group>"; };
		FCB8D17618D32B4900B9798F /* hangkong_logo.png */ = {isa = PBXFileReference; lastKnownFileType = image.png; path = hangkong_logo.png; sourceTree = "<group>"; };
		FCB8D17818D3312B00B9798F /* LZCTAViewController.h */ = {isa = PBXFileReference; fileEncoding = 4; lastKnownFileType = sourcecode.c.h; path = LZCTAViewController.h; sourceTree = "<group>"; };
		FCB8D17918D3312B00B9798F /* LZCTAViewController.m */ = {isa = PBXFileReference; fileEncoding = 4; lastKnownFileType = sourcecode.c.objc; path = LZCTAViewController.m; sourceTree = "<group>"; };
		FCB8D17B18D336CF00B9798F /* cta.png */ = {isa = PBXFileReference; lastKnownFileType = image.png; path = cta.png; sourceTree = "<group>"; };
/* End PBXFileReference section */

/* Begin PBXFrameworksBuildPhase section */
		08D97E7018CDA1EE006D5F0C /* Frameworks */ = {
			isa = PBXFrameworksBuildPhase;
			buildActionMask = 2147483647;
			files = (
				08D97E7918CDA1EE006D5F0C /* CoreGraphics.framework in Frameworks */,
				08D97E7B18CDA1EE006D5F0C /* UIKit.framework in Frameworks */,
				08D97E7718CDA1EE006D5F0C /* Foundation.framework in Frameworks */,
			);
			runOnlyForDeploymentPostprocessing = 0;
		};
		08D97E8B18CDA1EE006D5F0C /* Frameworks */ = {
			isa = PBXFrameworksBuildPhase;
			buildActionMask = 2147483647;
			files = (
				08D97E9018CDA1EE006D5F0C /* XCTest.framework in Frameworks */,
				08D97E9218CDA1EE006D5F0C /* UIKit.framework in Frameworks */,
				08D97E9118CDA1EE006D5F0C /* Foundation.framework in Frameworks */,
			);
			runOnlyForDeploymentPostprocessing = 0;
		};
/* End PBXFrameworksBuildPhase section */

/* Begin PBXGroup section */
		08055E0518D32A80001C02C0 /* icons */ = {
			isa = PBXGroup;
			children = (
				08055E0618D32AAA001C02C0 /* icon29.png */,
				08055E0718D32AAA001C02C0 /* icon57.png */,
				08055E0818D32AAA001C02C0 /* icon58.png */,
				08055E0918D32AAA001C02C0 /* icon72.png */,
				08055E0A18D32AAA001C02C0 /* icon76.png */,
				08055E0B18D32AAA001C02C0 /* icon114.png */,
				08055E0C18D32AAA001C02C0 /* icon120.png */,
				08055E0D18D32AAA001C02C0 /* icon144.png */,
				08055E0E18D32AAA001C02C0 /* icon152.png */,
			);
			name = icons;
			sourceTree = "<group>";
		};
		08C7EFEA18D059D400159471 /* libUI */ = {
			isa = PBXGroup;
			children = (
				08C7EFEE18D064EA00159471 /* LZKeyboardToolBarToHideKB.h */,
				08C7EFEF18D064EA00159471 /* LZKeyboardToolBarToHideKB.m */,
			);
			path = libUI;
			sourceTree = "<group>";
		};
		08D97E6A18CDA1EE006D5F0C = {
			isa = PBXGroup;
			children = (
				08D97E7C18CDA1EE006D5F0C /* HospitalMobile */,
				08D97E9518CDA1EE006D5F0C /* HospitalMobileTests */,
				08D97E7518CDA1EE006D5F0C /* Frameworks */,
				08D97E7418CDA1EE006D5F0C /* Products */,
			);
			sourceTree = "<group>";
		};
		08D97E7418CDA1EE006D5F0C /* Products */ = {
			isa = PBXGroup;
			children = (
				08D97E7318CDA1EE006D5F0C /* 医院手机版.app */,
				08D97E8E18CDA1EE006D5F0C /* HospitalMobileTests.xctest */,
			);
			name = Products;
			sourceTree = "<group>";
		};
		08D97E7518CDA1EE006D5F0C /* Frameworks */ = {
			isa = PBXGroup;
			children = (
				08D97E7618CDA1EE006D5F0C /* Foundation.framework */,
				08D97E7818CDA1EE006D5F0C /* CoreGraphics.framework */,
				08D97E7A18CDA1EE006D5F0C /* UIKit.framework */,
				08D97E8F18CDA1EE006D5F0C /* XCTest.framework */,
			);
			name = Frameworks;
			sourceTree = "<group>";
		};
		08D97E7C18CDA1EE006D5F0C /* HospitalMobile */ = {
			isa = PBXGroup;
			children = (
				08D97EAC18CDAAA0006D5F0C /* code */,
				08D97EA918CDAA36006D5F0C /* UIDesign */,
				08D97E8518CDA1EE006D5F0C /* LZAppDelegate.h */,
				08D97E8618CDA1EE006D5F0C /* LZAppDelegate.m */,
				08D97E8818CDA1EE006D5F0C /* Images.xcassets */,
				08D97EC618CDB2FC006D5F0C /* res */,
				08D97E7D18CDA1EE006D5F0C /* Supporting Files */,
			);
			path = HospitalMobile;
			sourceTree = "<group>";
		};
		08D97E7D18CDA1EE006D5F0C /* Supporting Files */ = {
			isa = PBXGroup;
			children = (
				08D97E7E18CDA1EE006D5F0C /* HospitalMobile-Info.plist */,
				08D97E7F18CDA1EE006D5F0C /* InfoPlist.strings */,
				08D97E8218CDA1EE006D5F0C /* main.m */,
				08D97E8418CDA1EE006D5F0C /* HospitalMobile-Prefix.pch */,
			);
			name = "Supporting Files";
			sourceTree = "<group>";
		};
		08D97E9518CDA1EE006D5F0C /* HospitalMobileTests */ = {
			isa = PBXGroup;
			children = (
				08D97E9B18CDA1EE006D5F0C /* HospitalMobileTests.m */,
				08D97E9618CDA1EE006D5F0C /* Supporting Files */,
			);
			path = HospitalMobileTests;
			sourceTree = "<group>";
		};
		08D97E9618CDA1EE006D5F0C /* Supporting Files */ = {
			isa = PBXGroup;
			children = (
				08D97E9718CDA1EE006D5F0C /* HospitalMobileTests-Info.plist */,
				08D97E9818CDA1EE006D5F0C /* InfoPlist.strings */,
			);
			name = "Supporting Files";
			sourceTree = "<group>";
		};
		08D97EA918CDAA36006D5F0C /* UIDesign */ = {
			isa = PBXGroup;
			children = (
				08D97EAA18CDAA36006D5F0C /* Main.storyboard */,
				08D97EB118CDAC1B006D5F0C /* InfoInput.storyboard */,
				08D97EB318CDAC5B006D5F0C /* RegisterAtHospital.storyboard */,
				08D97EB518CDACBF006D5F0C /* FeeList.storyboard */,
				08D97EB718CDACE9006D5F0C /* SeeDoctor.storyboard */,
				08D97EB918CDAD60006D5F0C /* Message.storyboard */,
			);
			path = UIDesign;
			sourceTree = "<group>";
		};
		08D97EAC18CDAAA0006D5F0C /* code */ = {
			isa = PBXGroup;
			children = (
				08C7EFEA18D059D400159471 /* libUI */,
				08D97EDA18CDDA2C006D5F0C /* cell */,
				08D97ECA18CDB42F006D5F0C /* utility */,
				08D97EAD18CDAAA0006D5F0C /* Controller */,
			);
			path = code;
			sourceTree = "<group>";
		};
		08D97EAD18CDAAA0006D5F0C /* Controller */ = {
			isa = PBXGroup;
			children = (
				08D97EAE18CDAB0D006D5F0C /* LZMainTabBarController.h */,
				08D97EAF18CDAB0D006D5F0C /* LZMainTabBarController.m */,
				B9A2F70E18D1127E0019277B /* LZInfoInputTableViewController.h */,
				B9A2F70F18D1127E0019277B /* LZInfoInputTableViewController.m */,
				B920B9CC18D2638200524445 /* LZMessageViewController.h */,
				B920B9CD18D2638200524445 /* LZMessageViewController.m */,
				08D97EBE18CDAF84006D5F0C /* LZRegisterAtHospitalViewController.h */,
				08D97EBF18CDAF84006D5F0C /* LZRegisterAtHospitalViewController.m */,
				08D97ECE18CDBE2F006D5F0C /* LZFeeListViewController.h */,
				08D97ECF18CDBE2F006D5F0C /* LZFeeListViewController.m */,
				08D97ED118CDBF07006D5F0C /* LZSeeDoctorViewController.h */,
				08D97ED218CDBF07006D5F0C /* LZSeeDoctorViewController.m */,
				08C7EFD218CF26BB00159471 /* LZZhenHaoViewController.h */,
				08C7EFD318CF26BB00159471 /* LZZhenHaoViewController.m */,
				08C7EFD518CF28AE00159471 /* LZCheckResultTextViewController.h */,
				08C7EFD618CF28AE00159471 /* LZCheckResultTextViewController.m */,
				08C7EFD818CF28E600159471 /* LZCheckResultImageViewController.h */,
				08C7EFD918CF28E600159471 /* LZCheckResultImageViewController.m */,
				FC13238F18D216D200BE900F /* LZRegisterTableViewController.h */,
				FC13239018D216D200BE900F /* LZRegisterTableViewController.m */,
				08055DFE18D319CF001C02C0 /* LZLoginViewController.h */,
				08055DFF18D319CF001C02C0 /* LZLoginViewController.m */,
				08055E0218D31FC0001C02C0 /* LZSignUpViewController.h */,
				08055E0318D31FC0001C02C0 /* LZSignUpViewController.m */,
				FCB8D17318D3227600B9798F /* LZPayViewController.h */,
				FCB8D17418D3227600B9798F /* LZPayViewController.m */,
				FCB8D17818D3312B00B9798F /* LZCTAViewController.h */,
				FCB8D17918D3312B00B9798F /* LZCTAViewController.m */,
				08055E1B18D6BBF5001C02C0 /* LZDoctorInfoViewController.h */,
				08055E1C18D6BBF5001C02C0 /* LZDoctorInfoViewController.m */,
			);
			path = Controller;
			sourceTree = "<group>";
		};
		08D97EC618CDB2FC006D5F0C /* res */ = {
			isa = PBXGroup;
			children = (
				08055E0518D32A80001C02C0 /* icons */,
				08D97EC718CDB2FC006D5F0C /* image */,
			);
			path = res;
			sourceTree = "<group>";
		};
		08D97EC718CDB2FC006D5F0C /* image */ = {
			isa = PBXGroup;
			children = (
				FCB8D17B18D336CF00B9798F /* cta.png */,
				FCB8D17618D32B4900B9798F /* hangkong_logo.png */,
				B920B9D318D26E8100524445 /* plus.png */,
				B920B9D118D26E1200524445 /* happy.png */,
				B920B9CF18D26D4F00524445 /* horn.png */,
				B920B9C618D2578600524445 /* doctor_pan.png */,
				B920B9C718D2578600524445 /* doctor_a.png */,
				B920B9C818D2578600524445 /* doctor_b.png */,
				B920B9C418D2540800524445 /* cash@2x.png */,
				B920B9C218D252A400524445 /* message@2x.png */,
				B920B9C018D2524300524445 /* exam@2x.png */,
				B920B9BE18D251C000524445 /* infoinput@2x.png */,
				08D97EC818CDB2FC006D5F0C /* tabbarIconDefault@2x.png */,
			);
			path = image;
			sourceTree = "<group>";
		};
		08D97ECA18CDB42F006D5F0C /* utility */ = {
			isa = PBXGroup;
			children = (
				08C7EFF218D07C7300159471 /* LZConstant.h */,
				08D97ECB18CDB46F006D5F0C /* LZUtility.h */,
				08D97ECC18CDB46F006D5F0C /* LZUtility.m */,
				08D97ED718CDD2DB006D5F0C /* LZDemoData.h */,
				08D97ED818CDD2DB006D5F0C /* LZDemoData.m */,
			);
			path = utility;
			sourceTree = "<group>";
		};
		08D97EDA18CDDA2C006D5F0C /* cell */ = {
			isa = PBXGroup;
			children = (
				08D97EDB18CDDAA8006D5F0C /* LZZhenHaoCell.h */,
				08D97EDC18CDDAA8006D5F0C /* LZZhenHaoCell.m */,
				08C7EFDB18D006D600159471 /* LZQueuePlaceCell.h */,
				08C7EFDC18D006D600159471 /* LZQueuePlaceCell.m */,
				08C7EFDE18D00A2300159471 /* LZCurrentDiseaseCell.h */,
				08C7EFDF18D00A2300159471 /* LZCurrentDiseaseCell.m */,
				08C7EFE118D011E300159471 /* LZCheckResultCell.h */,
				08C7EFE218D011E300159471 /* LZCheckResultCell.m */,
				08C7EFE418D022DF00159471 /* LZPrescribeMedicineItemCell.h */,
				08C7EFE518D022DF00159471 /* LZPrescribeMedicineItemCell.m */,
				08C7EFE718D024AE00159471 /* LZDoctorAdviceCell.h */,
				08C7EFE818D024AE00159471 /* LZDoctorAdviceCell.m */,
				FC9F002B18D1CCE2002B675E /* LZRegisterHospitalCell.h */,
				FC9F002C18D1CCE2002B675E /* LZRegisterHospitalCell.m */,
				081228B418D19A3400681F85 /* LZXueYeShengHuaCell.h */,
				081228B518D19A3400681F85 /* LZXueYeShengHuaCell.m */,
				081228B718D1A85700681F85 /* LZCheckRecordGeneralInfoCell.h */,
				081228B818D1A85700681F85 /* LZCheckRecordGeneralInfoCell.m */,
				081228BA18D1B88800681F85 /* LZCTCheckCell.h */,
				081228BB18D1B88800681F85 /* LZCTCheckCell.m */,
				08055DFB18D2D55E001C02C0 /* LZFeeCell.h */,
				08055DFC18D2D55E001C02C0 /* LZFeeCell.m */,
				08055E1818D6B1F2001C02C0 /* LZDoctorSupplyRegistCountCell.h */,
				08055E1918D6B1F2001C02C0 /* LZDoctorSupplyRegistCountCell.m */,
			);
			path = cell;
			sourceTree = "<group>";
		};
/* End PBXGroup section */

/* Begin PBXNativeTarget section */
		08D97E7218CDA1EE006D5F0C /* HospitalMobile */ = {
			isa = PBXNativeTarget;
			buildConfigurationList = 08D97E9F18CDA1EE006D5F0C /* Build configuration list for PBXNativeTarget "HospitalMobile" */;
			buildPhases = (
				08D97E6F18CDA1EE006D5F0C /* Sources */,
				08D97E7018CDA1EE006D5F0C /* Frameworks */,
				08D97E7118CDA1EE006D5F0C /* Resources */,
			);
			buildRules = (
			);
			dependencies = (
			);
			name = HospitalMobile;
			productName = HospitalMobile;
			productReference = 08D97E7318CDA1EE006D5F0C /* 医院手机版.app */;
			productType = "com.apple.product-type.application";
		};
		08D97E8D18CDA1EE006D5F0C /* HospitalMobileTests */ = {
			isa = PBXNativeTarget;
			buildConfigurationList = 08D97EA218CDA1EE006D5F0C /* Build configuration list for PBXNativeTarget "HospitalMobileTests" */;
			buildPhases = (
				08D97E8A18CDA1EE006D5F0C /* Sources */,
				08D97E8B18CDA1EE006D5F0C /* Frameworks */,
				08D97E8C18CDA1EE006D5F0C /* Resources */,
			);
			buildRules = (
			);
			dependencies = (
				08D97E9418CDA1EE006D5F0C /* PBXTargetDependency */,
			);
			name = HospitalMobileTests;
			productName = HospitalMobileTests;
			productReference = 08D97E8E18CDA1EE006D5F0C /* HospitalMobileTests.xctest */;
			productType = "com.apple.product-type.bundle.unit-test";
		};
/* End PBXNativeTarget section */

/* Begin PBXProject section */
		08D97E6B18CDA1EE006D5F0C /* Project object */ = {
			isa = PBXProject;
			attributes = {
				CLASSPREFIX = LZ;
				LastUpgradeCheck = 0500;
				ORGANIZATIONNAME = Yasofon;
				TargetAttributes = {
					08D97E8D18CDA1EE006D5F0C = {
						TestTargetID = 08D97E7218CDA1EE006D5F0C;
					};
				};
			};
			buildConfigurationList = 08D97E6E18CDA1EE006D5F0C /* Build configuration list for PBXProject "HospitalMobile" */;
			compatibilityVersion = "Xcode 3.2";
			developmentRegion = English;
			hasScannedForEncodings = 0;
			knownRegions = (
				en,
			);
			mainGroup = 08D97E6A18CDA1EE006D5F0C;
			productRefGroup = 08D97E7418CDA1EE006D5F0C /* Products */;
			projectDirPath = "";
			projectRoot = "";
			targets = (
				08D97E7218CDA1EE006D5F0C /* HospitalMobile */,
				08D97E8D18CDA1EE006D5F0C /* HospitalMobileTests */,
			);
		};
/* End PBXProject section */

/* Begin PBXResourcesBuildPhase section */
		08D97E7118CDA1EE006D5F0C /* Resources */ = {
			isa = PBXResourcesBuildPhase;
			buildActionMask = 2147483647;
			files = (
				08055E1518D32AAA001C02C0 /* icon120.png in Resources */,
				08055E1218D32AAA001C02C0 /* icon72.png in Resources */,
				08D97EB418CDAC5B006D5F0C /* RegisterAtHospital.storyboard in Resources */,
				08055E1018D32AAA001C02C0 /* icon57.png in Resources */,
				B920B9CA18D2578600524445 /* doctor_a.png in Resources */,
				08D97EB618CDACBF006D5F0C /* FeeList.storyboard in Resources */,
				FCB8D17C18D336CF00B9798F /* cta.png in Resources */,
				B920B9C918D2578600524445 /* doctor_pan.png in Resources */,
				08D97EB818CDACE9006D5F0C /* SeeDoctor.storyboard in Resources */,
				08D97EC918CDB2FC006D5F0C /* tabbarIconDefault@2x.png in Resources */,
				B920B9C318D252A400524445 /* message@2x.png in Resources */,
				08055E1418D32AAA001C02C0 /* icon114.png in Resources */,
				08055E1618D32AAA001C02C0 /* icon144.png in Resources */,
				08D97EAB18CDAA36006D5F0C /* Main.storyboard in Resources */,
				08055E1118D32AAA001C02C0 /* icon58.png in Resources */,
				B920B9D218D26E1200524445 /* happy.png in Resources */,
				08055E0F18D32AAA001C02C0 /* icon29.png in Resources */,
				08D97E8118CDA1EE006D5F0C /* InfoPlist.strings in Resources */,
				08D97E8918CDA1EE006D5F0C /* Images.xcassets in Resources */,
				08D97EBA18CDAD60006D5F0C /* Message.storyboard in Resources */,
				08055E1718D32AAA001C02C0 /* icon152.png in Resources */,
				B920B9D418D26E8100524445 /* plus.png in Resources */,
				B920B9CB18D2578600524445 /* doctor_b.png in Resources */,
				08D97EB218CDAC1B006D5F0C /* InfoInput.storyboard in Resources */,
				08055E1318D32AAA001C02C0 /* icon76.png in Resources */,
				B920B9BF18D251C000524445 /* infoinput@2x.png in Resources */,
				B920B9C518D2540800524445 /* cash@2x.png in Resources */,
				FCB8D17718D32B4900B9798F /* hangkong_logo.png in Resources */,
				B920B9D018D26D4F00524445 /* horn.png in Resources */,
				B920B9C118D2524300524445 /* exam@2x.png in Resources */,
			);
			runOnlyForDeploymentPostprocessing = 0;
		};
		08D97E8C18CDA1EE006D5F0C /* Resources */ = {
			isa = PBXResourcesBuildPhase;
			buildActionMask = 2147483647;
			files = (
				08D97E9A18CDA1EE006D5F0C /* InfoPlist.strings in Resources */,
			);
			runOnlyForDeploymentPostprocessing = 0;
		};
/* End PBXResourcesBuildPhase section */

/* Begin PBXSourcesBuildPhase section */
		08D97E6F18CDA1EE006D5F0C /* Sources */ = {
			isa = PBXSourcesBuildPhase;
			buildActionMask = 2147483647;
			files = (
				FC13239118D216D200BE900F /* LZRegisterTableViewController.m in Sources */,
				08C7EFE918D024AE00159471 /* LZDoctorAdviceCell.m in Sources */,
				B920B9CE18D2638200524445 /* LZMessageViewController.m in Sources */,
				08C7EFE618D022DF00159471 /* LZPrescribeMedicineItemCell.m in Sources */,
				08C7EFD718CF28AE00159471 /* LZCheckResultTextViewController.m in Sources */,
				08D97ECD18CDB46F006D5F0C /* LZUtility.m in Sources */,
				08D97E8718CDA1EE006D5F0C /* LZAppDelegate.m in Sources */,
				08D97E8318CDA1EE006D5F0C /* main.m in Sources */,
				B9A2F71018D1127E0019277B /* LZInfoInputTableViewController.m in Sources */,
				FC9F002D18D1CCE2002B675E /* LZRegisterHospitalCell.m in Sources */,
				08C7EFF018D064EA00159471 /* LZKeyboardToolBarToHideKB.m in Sources */,
				08D97ED318CDBF07006D5F0C /* LZSeeDoctorViewController.m in Sources */,
				08055DFD18D2D55E001C02C0 /* LZFeeCell.m in Sources */,
				08D97EDD18CDDAA8006D5F0C /* LZZhenHaoCell.m in Sources */,
				08D97ED918CDD2DB006D5F0C /* LZDemoData.m in Sources */,
				081228B618D19A3400681F85 /* LZXueYeShengHuaCell.m in Sources */,
				08C7EFE018D00A2300159471 /* LZCurrentDiseaseCell.m in Sources */,
				08C7EFDD18D006D600159471 /* LZQueuePlaceCell.m in Sources */,
				08C7EFDA18CF28E600159471 /* LZCheckResultImageViewController.m in Sources */,
				08055E1D18D6BBF5001C02C0 /* LZDoctorInfoViewController.m in Sources */,
				08D97EB018CDAB0D006D5F0C /* LZMainTabBarController.m in Sources */,
				08055E1A18D6B1F2001C02C0 /* LZDoctorSupplyRegistCountCell.m in Sources */,
				081228B918D1A85700681F85 /* LZCheckRecordGeneralInfoCell.m in Sources */,
				08C7EFE318D011E300159471 /* LZCheckResultCell.m in Sources */,
				08055E0418D31FC0001C02C0 /* LZSignUpViewController.m in Sources */,
				FCB8D17A18D3312B00B9798F /* LZCTAViewController.m in Sources */,
				FCB8D17518D3227600B9798F /* LZPayViewController.m in Sources */,
				08D97EC018CDAF84006D5F0C /* LZRegisterAtHospitalViewController.m in Sources */,
				08055E0018D319CF001C02C0 /* LZLoginViewController.m in Sources */,
				08C7EFD418CF26BB00159471 /* LZZhenHaoViewController.m in Sources */,
				08D97ED018CDBE2F006D5F0C /* LZFeeListViewController.m in Sources */,
				081228BC18D1B88800681F85 /* LZCTCheckCell.m in Sources */,
			);
			runOnlyForDeploymentPostprocessing = 0;
		};
		08D97E8A18CDA1EE006D5F0C /* Sources */ = {
			isa = PBXSourcesBuildPhase;
			buildActionMask = 2147483647;
			files = (
				08D97E9C18CDA1EE006D5F0C /* HospitalMobileTests.m in Sources */,
			);
			runOnlyForDeploymentPostprocessing = 0;
		};
/* End PBXSourcesBuildPhase section */

/* Begin PBXTargetDependency section */
		08D97E9418CDA1EE006D5F0C /* PBXTargetDependency */ = {
			isa = PBXTargetDependency;
			target = 08D97E7218CDA1EE006D5F0C /* HospitalMobile */;
			targetProxy = 08D97E9318CDA1EE006D5F0C /* PBXContainerItemProxy */;
		};
/* End PBXTargetDependency section */

/* Begin PBXVariantGroup section */
		08D97E7F18CDA1EE006D5F0C /* InfoPlist.strings */ = {
			isa = PBXVariantGroup;
			children = (
				08D97E8018CDA1EE006D5F0C /* en */,
			);
			name = InfoPlist.strings;
			sourceTree = "<group>";
		};
		08D97E9818CDA1EE006D5F0C /* InfoPlist.strings */ = {
			isa = PBXVariantGroup;
			children = (
				08D97E9918CDA1EE006D5F0C /* en */,
			);
			name = InfoPlist.strings;
			sourceTree = "<group>";
		};
/* End PBXVariantGroup section */

/* Begin XCBuildConfiguration section */
		08D97E9D18CDA1EE006D5F0C /* Debug */ = {
			isa = XCBuildConfiguration;
			buildSettings = {
				ALWAYS_SEARCH_USER_PATHS = NO;
				ARCHS = "$(ARCHS_STANDARD_INCLUDING_64_BIT)";
				CLANG_CXX_LANGUAGE_STANDARD = "gnu++0x";
				CLANG_CXX_LIBRARY = "libc++";
				CLANG_ENABLE_MODULES = YES;
				CLANG_ENABLE_OBJC_ARC = YES;
				CLANG_WARN_BOOL_CONVERSION = YES;
				CLANG_WARN_CONSTANT_CONVERSION = YES;
				CLANG_WARN_DIRECT_OBJC_ISA_USAGE = YES_ERROR;
				CLANG_WARN_EMPTY_BODY = YES;
				CLANG_WARN_ENUM_CONVERSION = YES;
				CLANG_WARN_INT_CONVERSION = YES;
				CLANG_WARN_OBJC_ROOT_CLASS = YES_ERROR;
				CLANG_WARN__DUPLICATE_METHOD_MATCH = YES;
				"CODE_SIGN_IDENTITY[sdk=iphoneos*]" = "iPhone Developer";
				COPY_PHASE_STRIP = NO;
				GCC_C_LANGUAGE_STANDARD = gnu99;
				GCC_DYNAMIC_NO_PIC = NO;
				GCC_OPTIMIZATION_LEVEL = 0;
				GCC_PREPROCESSOR_DEFINITIONS = (
					"DEBUG=1",
					"$(inherited)",
				);
				GCC_SYMBOLS_PRIVATE_EXTERN = NO;
				GCC_WARN_64_TO_32_BIT_CONVERSION = YES;
				GCC_WARN_ABOUT_RETURN_TYPE = YES_ERROR;
				GCC_WARN_UNDECLARED_SELECTOR = YES;
				GCC_WARN_UNINITIALIZED_AUTOS = YES;
				GCC_WARN_UNUSED_FUNCTION = YES;
				GCC_WARN_UNUSED_VARIABLE = YES;
				IPHONEOS_DEPLOYMENT_TARGET = 7.0;
				ONLY_ACTIVE_ARCH = YES;
				SDKROOT = iphoneos;
			};
			name = Debug;
		};
		08D97E9E18CDA1EE006D5F0C /* Release */ = {
			isa = XCBuildConfiguration;
			buildSettings = {
				ALWAYS_SEARCH_USER_PATHS = NO;
				ARCHS = "$(ARCHS_STANDARD_INCLUDING_64_BIT)";
				CLANG_CXX_LANGUAGE_STANDARD = "gnu++0x";
				CLANG_CXX_LIBRARY = "libc++";
				CLANG_ENABLE_MODULES = YES;
				CLANG_ENABLE_OBJC_ARC = YES;
				CLANG_WARN_BOOL_CONVERSION = YES;
				CLANG_WARN_CONSTANT_CONVERSION = YES;
				CLANG_WARN_DIRECT_OBJC_ISA_USAGE = YES_ERROR;
				CLANG_WARN_EMPTY_BODY = YES;
				CLANG_WARN_ENUM_CONVERSION = YES;
				CLANG_WARN_INT_CONVERSION = YES;
				CLANG_WARN_OBJC_ROOT_CLASS = YES_ERROR;
				CLANG_WARN__DUPLICATE_METHOD_MATCH = YES;
				"CODE_SIGN_IDENTITY[sdk=iphoneos*]" = "iPhone Developer";
				COPY_PHASE_STRIP = YES;
				ENABLE_NS_ASSERTIONS = NO;
				GCC_C_LANGUAGE_STANDARD = gnu99;
				GCC_WARN_64_TO_32_BIT_CONVERSION = YES;
				GCC_WARN_ABOUT_RETURN_TYPE = YES_ERROR;
				GCC_WARN_UNDECLARED_SELECTOR = YES;
				GCC_WARN_UNINITIALIZED_AUTOS = YES;
				GCC_WARN_UNUSED_FUNCTION = YES;
				GCC_WARN_UNUSED_VARIABLE = YES;
				IPHONEOS_DEPLOYMENT_TARGET = 7.0;
				SDKROOT = iphoneos;
				VALIDATE_PRODUCT = YES;
			};
			name = Release;
		};
		08D97EA018CDA1EE006D5F0C /* Debug */ = {
			isa = XCBuildConfiguration;
			buildSettings = {
				ASSETCATALOG_COMPILER_LAUNCHIMAGE_NAME = LaunchImage;
				GCC_PRECOMPILE_PREFIX_HEADER = YES;
				GCC_PREFIX_HEADER = "HospitalMobile/HospitalMobile-Prefix.pch";
				INFOPLIST_FILE = "HospitalMobile/HospitalMobile-Info.plist";
				PRODUCT_NAME = "医院手机版";
				WRAPPER_EXTENSION = app;
			};
			name = Debug;
		};
		08D97EA118CDA1EE006D5F0C /* Release */ = {
			isa = XCBuildConfiguration;
			buildSettings = {
				ASSETCATALOG_COMPILER_LAUNCHIMAGE_NAME = LaunchImage;
				GCC_PRECOMPILE_PREFIX_HEADER = YES;
				GCC_PREFIX_HEADER = "HospitalMobile/HospitalMobile-Prefix.pch";
				INFOPLIST_FILE = "HospitalMobile/HospitalMobile-Info.plist";
				PRODUCT_NAME = "医院手机版";
				WRAPPER_EXTENSION = app;
			};
			name = Release;
		};
		08D97EA318CDA1EE006D5F0C /* Debug */ = {
			isa = XCBuildConfiguration;
			buildSettings = {
				ARCHS = "$(ARCHS_STANDARD_INCLUDING_64_BIT)";
				BUNDLE_LOADER = "$(BUILT_PRODUCTS_DIR)/HospitalMobile.app/HospitalMobile";
				FRAMEWORK_SEARCH_PATHS = (
					"$(SDKROOT)/Developer/Library/Frameworks",
					"$(inherited)",
					"$(DEVELOPER_FRAMEWORKS_DIR)",
				);
				GCC_PRECOMPILE_PREFIX_HEADER = YES;
				GCC_PREFIX_HEADER = "HospitalMobile/HospitalMobile-Prefix.pch";
				GCC_PREPROCESSOR_DEFINITIONS = (
					"DEBUG=1",
					"$(inherited)",
				);
				INFOPLIST_FILE = "HospitalMobileTests/HospitalMobileTests-Info.plist";
				PRODUCT_NAME = "$(TARGET_NAME)";
				TEST_HOST = "$(BUNDLE_LOADER)";
				WRAPPER_EXTENSION = xctest;
			};
			name = Debug;
		};
		08D97EA418CDA1EE006D5F0C /* Release */ = {
			isa = XCBuildConfiguration;
			buildSettings = {
				ARCHS = "$(ARCHS_STANDARD_INCLUDING_64_BIT)";
				BUNDLE_LOADER = "$(BUILT_PRODUCTS_DIR)/HospitalMobile.app/HospitalMobile";
				FRAMEWORK_SEARCH_PATHS = (
					"$(SDKROOT)/Developer/Library/Frameworks",
					"$(inherited)",
					"$(DEVELOPER_FRAMEWORKS_DIR)",
				);
				GCC_PRECOMPILE_PREFIX_HEADER = YES;
				GCC_PREFIX_HEADER = "HospitalMobile/HospitalMobile-Prefix.pch";
				INFOPLIST_FILE = "HospitalMobileTests/HospitalMobileTests-Info.plist";
				PRODUCT_NAME = "$(TARGET_NAME)";
				TEST_HOST = "$(BUNDLE_LOADER)";
				WRAPPER_EXTENSION = xctest;
			};
			name = Release;
		};
/* End XCBuildConfiguration section */

/* Begin XCConfigurationList section */
		08D97E6E18CDA1EE006D5F0C /* Build configuration list for PBXProject "HospitalMobile" */ = {
			isa = XCConfigurationList;
			buildConfigurations = (
				08D97E9D18CDA1EE006D5F0C /* Debug */,
				08D97E9E18CDA1EE006D5F0C /* Release */,
			);
			defaultConfigurationIsVisible = 0;
			defaultConfigurationName = Release;
		};
		08D97E9F18CDA1EE006D5F0C /* Build configuration list for PBXNativeTarget "HospitalMobile" */ = {
			isa = XCConfigurationList;
			buildConfigurations = (
				08D97EA018CDA1EE006D5F0C /* Debug */,
				08D97EA118CDA1EE006D5F0C /* Release */,
			);
			defaultConfigurationIsVisible = 0;
			defaultConfigurationName = Release;
		};
		08D97EA218CDA1EE006D5F0C /* Build configuration list for PBXNativeTarget "HospitalMobileTests" */ = {
			isa = XCConfigurationList;
			buildConfigurations = (
				08D97EA318CDA1EE006D5F0C /* Debug */,
				08D97EA418CDA1EE006D5F0C /* Release */,
			);
			defaultConfigurationIsVisible = 0;
			defaultConfigurationName = Release;
		};
/* End XCConfigurationList section */
	};
	rootObject = 08D97E6B18CDA1EE006D5F0C /* Project object */;
}
